{
  "lockfileVersion": 1,
  "dependencies": {
    "lodash.defaults": {
      "version": "4.2.0",
      "resolved": "https://registry.npmjs.org/lodash.defaults/-/lodash.defaults-4.2.0.tgz",
      "integrity": "sha512-qjxPLHd3r5DnsdGacqOMU6pb/avJzdh9tFX2ymgoZE27BmjXrNy/y4LoaiTeAb+O3gL8AfpJGtqfX/ae2leYYQ=="
    },
    "lodash.pullall": {
      "version": "4.2.0",
      "resolved": "https://registry.npmjs.org/lodash.pullall/-/lodash.pullall-4.2.0.tgz",
      "integrity": "sha512-VhqxBKH0ZxPpLhiu68YD1KnHmbhQJQctcipvmFnqIBDYzcIHzf3Zpu0tpeOKtR4x76p9yohc506eGdOjTmyIBg=="
    }
  }
}
